// !$*UTF8*$!
{
	archiveVersion = 1;
	classes = {
	};
	objectVersion = 51;
	objects = {

/* Begin PBXBuildFile section */
		253C0D3E267A9E9400BBCE04 /* GraphRevenuesViewController.swift in Sources */ = {isa = PBXBuildFile; fileRef = 253C0D3D267A9E9400BBCE04 /* GraphRevenuesViewController.swift */; };
		254D5F2B26777055001BF78E /* CustomViews.swift in Sources */ = {isa = PBXBuildFile; fileRef = 254D5F2A26777055001BF78E /* CustomViews.swift */; };
		254D5F2D2677733B001BF78E /* Models.swift in Sources */ = {isa = PBXBuildFile; fileRef = 254D5F2C2677733B001BF78E /* Models.swift */; };
		254D5F3226777AF9001BF78E /* RevenueControllerExt.swift in Sources */ = {isa = PBXBuildFile; fileRef = 254D5F3126777AF9001BF78E /* RevenueControllerExt.swift */; };
		254D5F3626777E2B001BF78E /* AddRevenuePopUpViewController.swift in Sources */ = {isa = PBXBuildFile; fileRef = 254D5F3526777E2B001BF78E /* AddRevenuePopUpViewController.swift */; };
		254D5F3926778EB1001BF78E /* Persistance.swift in Sources */ = {isa = PBXBuildFile; fileRef = 254D5F3826778EB1001BF78E /* Persistance.swift */; };
		254D5F3B2677A1F9001BF78E /* PurchasesCategoriesViewController.swift in Sources */ = {isa = PBXBuildFile; fileRef = 254D5F3A2677A1F9001BF78E /* PurchasesCategoriesViewController.swift */; };
		254D5F3D2677A23B001BF78E /* PurchasesCategoryControllerExt.swift in Sources */ = {isa = PBXBuildFile; fileRef = 254D5F3C2677A23B001BF78E /* PurchasesCategoryControllerExt.swift */; };
		254D5F3F2677A908001BF78E /* AddCategoryPopUpViewController.swift in Sources */ = {isa = PBXBuildFile; fileRef = 254D5F3E2677A908001BF78E /* AddCategoryPopUpViewController.swift */; };
		254D5F412677A945001BF78E /* ViewControllerExt.swift in Sources */ = {isa = PBXBuildFile; fileRef = 254D5F402677A945001BF78E /* ViewControllerExt.swift */; };
		259A830D2678A63900B8F24A /* PurchaseListViewController.swift in Sources */ = {isa = PBXBuildFile; fileRef = 259A830C2678A63900B8F24A /* PurchaseListViewController.swift */; };
		259A830F2679FE1600B8F24A /* AddPurchaseViewController.swift in Sources */ = {isa = PBXBuildFile; fileRef = 259A830E2679FE1600B8F24A /* AddPurchaseViewController.swift */; };
		259A83112679FF0900B8F24A /* PurchaseListControllerExt.swift in Sources */ = {isa = PBXBuildFile; fileRef = 259A83102679FF0900B8F24A /* PurchaseListControllerExt.swift */; };
		259A8313267A01B600B8F24A /* PurchaseTableViewCell.swift in Sources */ = {isa = PBXBuildFile; fileRef = 259A8312267A01B600B8F24A /* PurchaseTableViewCell.swift */; };
		259A8316267A512E00B8F24A /* GraphicsViewController.swift in Sources */ = {isa = PBXBuildFile; fileRef = 259A8315267A512E00B8F24A /* GraphicsViewController.swift */; };
		25E0A6F526824BED0033B32A /* AddRevenueExt.swift in Sources */ = {isa = PBXBuildFile; fileRef = 25E0A6F426824BED0033B32A /* AddRevenueExt.swift */; };
		25E0A6F726824C520033B32A /* AddCategoryExt.swift in Sources */ = {isa = PBXBuildFile; fileRef = 25E0A6F626824C520033B32A /* AddCategoryExt.swift */; };
		25E0A6F926824C610033B32A /* AddPurchaseExt.swift in Sources */ = {isa = PBXBuildFile; fileRef = 25E0A6F826824C610033B32A /* AddPurchaseExt.swift */; };
		25E0A6FB26824F5A0033B32A /* TableViewExt.swift in Sources */ = {isa = PBXBuildFile; fileRef = 25E0A6FA26824F5A0033B32A /* TableViewExt.swift */; };
		25EB097126650CB90080E798 /* AppDelegate.swift in Sources */ = {isa = PBXBuildFile; fileRef = 25EB097026650CB90080E798 /* AppDelegate.swift */; };
		25EB097326650CB90080E798 /* SceneDelegate.swift in Sources */ = {isa = PBXBuildFile; fileRef = 25EB097226650CB90080E798 /* SceneDelegate.swift */; };
		25EB097526650CB90080E798 /* RevenueViewController.swift in Sources */ = {isa = PBXBuildFile; fileRef = 25EB097426650CB90080E798 /* RevenueViewController.swift */; };
		25EB097826650CB90080E798 /* Main.storyboard in Resources */ = {isa = PBXBuildFile; fileRef = 25EB097626650CB90080E798 /* Main.storyboard */; };
		25EB097A26650CBA0080E798 /* Assets.xcassets in Resources */ = {isa = PBXBuildFile; fileRef = 25EB097926650CBA0080E798 /* Assets.xcassets */; };
		25EB097D26650CBA0080E798 /* LaunchScreen.storyboard in Resources */ = {isa = PBXBuildFile; fileRef = 25EB097B26650CBA0080E798 /* LaunchScreen.storyboard */; };
		A1A534E6D816121383858E8E /* Pods_finance_budget.framework in Frameworks */ = {isa = PBXBuildFile; fileRef = 8F0E567D1A504CBCBF726666 /* Pods_finance_budget.framework */; };
/* End PBXBuildFile section */

/* Begin PBXFileReference section */
		253C0D3D267A9E9400BBCE04 /* GraphRevenuesViewController.swift */ = {isa = PBXFileReference; lastKnownFileType = sourcecode.swift; path = GraphRevenuesViewController.swift; sourceTree = "<group>"; };
		254D5F2A26777055001BF78E /* CustomViews.swift */ = {isa = PBXFileReference; lastKnownFileType = sourcecode.swift; path = CustomViews.swift; sourceTree = "<group>"; };
		254D5F2C2677733B001BF78E /* Models.swift */ = {isa = PBXFileReference; lastKnownFileType = sourcecode.swift; path = Models.swift; sourceTree = "<group>"; };
		254D5F3126777AF9001BF78E /* RevenueControllerExt.swift */ = {isa = PBXFileReference; lastKnownFileType = sourcecode.swift; path = RevenueControllerExt.swift; sourceTree = "<group>"; };
		254D5F3526777E2B001BF78E /* AddRevenuePopUpViewController.swift */ = {isa = PBXFileReference; lastKnownFileType = sourcecode.swift; path = AddRevenuePopUpViewController.swift; sourceTree = "<group>"; };
		254D5F3826778EB1001BF78E /* Persistance.swift */ = {isa = PBXFileReference; lastKnownFileType = sourcecode.swift; path = Persistance.swift; sourceTree = "<group>"; };
		254D5F3A2677A1F9001BF78E /* PurchasesCategoriesViewController.swift */ = {isa = PBXFileReference; lastKnownFileType = sourcecode.swift; path = PurchasesCategoriesViewController.swift; sourceTree = "<group>"; };
		254D5F3C2677A23B001BF78E /* PurchasesCategoryControllerExt.swift */ = {isa = PBXFileReference; lastKnownFileType = sourcecode.swift; path = PurchasesCategoryControllerExt.swift; sourceTree = "<group>"; };
		254D5F3E2677A908001BF78E /* AddCategoryPopUpViewController.swift */ = {isa = PBXFileReference; lastKnownFileType = sourcecode.swift; path = AddCategoryPopUpViewController.swift; sourceTree = "<group>"; };
		254D5F402677A945001BF78E /* ViewControllerExt.swift */ = {isa = PBXFileReference; lastKnownFileType = sourcecode.swift; path = ViewControllerExt.swift; sourceTree = "<group>"; };
		259A830C2678A63900B8F24A /* PurchaseListViewController.swift */ = {isa = PBXFileReference; lastKnownFileType = sourcecode.swift; path = PurchaseListViewController.swift; sourceTree = "<group>"; };
		259A830E2679FE1600B8F24A /* AddPurchaseViewController.swift */ = {isa = PBXFileReference; lastKnownFileType = sourcecode.swift; path = AddPurchaseViewController.swift; sourceTree = "<group>"; };
		259A83102679FF0900B8F24A /* PurchaseListControllerExt.swift */ = {isa = PBXFileReference; lastKnownFileType = sourcecode.swift; path = PurchaseListControllerExt.swift; sourceTree = "<group>"; };
		259A8312267A01B600B8F24A /* PurchaseTableViewCell.swift */ = {isa = PBXFileReference; lastKnownFileType = sourcecode.swift; path = PurchaseTableViewCell.swift; sourceTree = "<group>"; };
		259A8315267A512E00B8F24A /* GraphicsViewController.swift */ = {isa = PBXFileReference; lastKnownFileType = sourcecode.swift; path = GraphicsViewController.swift; sourceTree = "<group>"; };
		25E0A6F426824BED0033B32A /* AddRevenueExt.swift */ = {isa = PBXFileReference; lastKnownFileType = sourcecode.swift; path = AddRevenueExt.swift; sourceTree = "<group>"; };
		25E0A6F626824C520033B32A /* AddCategoryExt.swift */ = {isa = PBXFileReference; lastKnownFileType = sourcecode.swift; path = AddCategoryExt.swift; sourceTree = "<group>"; };
		25E0A6F826824C610033B32A /* AddPurchaseExt.swift */ = {isa = PBXFileReference; lastKnownFileType = sourcecode.swift; path = AddPurchaseExt.swift; sourceTree = "<group>"; };
		25E0A6FA26824F5A0033B32A /* TableViewExt.swift */ = {isa = PBXFileReference; lastKnownFileType = sourcecode.swift; path = TableViewExt.swift; sourceTree = "<group>"; };
		25EB096D26650CB90080E798 /* finance-budget.app */ = {isa = PBXFileReference; explicitFileType = wrapper.application; includeInIndex = 0; path = "finance-budget.app"; sourceTree = BUILT_PRODUCTS_DIR; };
		25EB097026650CB90080E798 /* AppDelegate.swift */ = {isa = PBXFileReference; lastKnownFileType = sourcecode.swift; path = AppDelegate.swift; sourceTree = "<group>"; };
		25EB097226650CB90080E798 /* SceneDelegate.swift */ = {isa = PBXFileReference; lastKnownFileType = sourcecode.swift; path = SceneDelegate.swift; sourceTree = "<group>"; };
		25EB097426650CB90080E798 /* RevenueViewController.swift */ = {isa = PBXFileReference; lastKnownFileType = sourcecode.swift; path = RevenueViewController.swift; sourceTree = "<group>"; };
		25EB097726650CB90080E798 /* Base */ = {isa = PBXFileReference; lastKnownFileType = file.storyboard; name = Base; path = Base.lproj/Main.storyboard; sourceTree = "<group>"; };
		25EB097926650CBA0080E798 /* Assets.xcassets */ = {isa = PBXFileReference; lastKnownFileType = folder.assetcatalog; path = Assets.xcassets; sourceTree = "<group>"; };
		25EB097C26650CBA0080E798 /* Base */ = {isa = PBXFileReference; lastKnownFileType = file.storyboard; name = Base; path = Base.lproj/LaunchScreen.storyboard; sourceTree = "<group>"; };
		25EB097E26650CBA0080E798 /* Info.plist */ = {isa = PBXFileReference; lastKnownFileType = text.plist.xml; path = Info.plist; sourceTree = "<group>"; };
		28566FC442C655E4622A16A5 /* Pods-finance-budget.debug.xcconfig */ = {isa = PBXFileReference; includeInIndex = 1; lastKnownFileType = text.xcconfig; name = "Pods-finance-budget.debug.xcconfig"; path = "Target Support Files/Pods-finance-budget/Pods-finance-budget.debug.xcconfig"; sourceTree = "<group>"; };
		8EA27AE25E0067370BEBCAA8 /* Pods-finance-budget.release.xcconfig */ = {isa = PBXFileReference; includeInIndex = 1; lastKnownFileType = text.xcconfig; name = "Pods-finance-budget.release.xcconfig"; path = "Target Support Files/Pods-finance-budget/Pods-finance-budget.release.xcconfig"; sourceTree = "<group>"; };
		8F0E567D1A504CBCBF726666 /* Pods_finance_budget.framework */ = {isa = PBXFileReference; explicitFileType = wrapper.framework; includeInIndex = 0; path = Pods_finance_budget.framework; sourceTree = BUILT_PRODUCTS_DIR; };
/* End PBXFileReference section */

/* Begin PBXFrameworksBuildPhase section */
		25EB096A26650CB90080E798 /* Frameworks */ = {
			isa = PBXFrameworksBuildPhase;
			buildActionMask = 2147483647;
			files = (
				A1A534E6D816121383858E8E /* Pods_finance_budget.framework in Frameworks */,
			);
			runOnlyForDeploymentPostprocessing = 0;
		};
/* End PBXFrameworksBuildPhase section */

/* Begin PBXGroup section */
		254D5F3026777A8C001BF78E /* Extensions */ = {
			isa = PBXGroup;
			children = (
				25E0A6F326824BC30033B32A /* AddPopUpsExt */,
				254D5F402677A945001BF78E /* ViewControllerExt.swift */,
				25E0A6FA26824F5A0033B32A /* TableViewExt.swift */,
				254D5F3126777AF9001BF78E /* RevenueControllerExt.swift */,
				254D5F3C2677A23B001BF78E /* PurchasesCategoryControllerExt.swift */,
				259A83102679FF0900B8F24A /* PurchaseListControllerExt.swift */,
			);
			path = Extensions;
			sourceTree = "<group>";
		};
		254D5F3726778EA0001BF78E /* Services */ = {
			isa = PBXGroup;
			children = (
				254D5F3826778EB1001BF78E /* Persistance.swift */,
			);
			path = Services;
			sourceTree = "<group>";
		};
		259A8314267A508B00B8F24A /* AddPopUps */ = {
			isa = PBXGroup;
			children = (
				254D5F3526777E2B001BF78E /* AddRevenuePopUpViewController.swift */,
				254D5F3E2677A908001BF78E /* AddCategoryPopUpViewController.swift */,
				259A830E2679FE1600B8F24A /* AddPurchaseViewController.swift */,
			);
			path = AddPopUps;
			sourceTree = "<group>";
		};
		25E0A6F326824BC30033B32A /* AddPopUpsExt */ = {
			isa = PBXGroup;
			children = (
				25E0A6F426824BED0033B32A /* AddRevenueExt.swift */,
				25E0A6F626824C520033B32A /* AddCategoryExt.swift */,
				25E0A6F826824C610033B32A /* AddPurchaseExt.swift */,
			);
			path = AddPopUpsExt;
			sourceTree = "<group>";
		};
		25EB096426650CB80080E798 = {
			isa = PBXGroup;
			children = (
				25EB096F26650CB90080E798 /* finance-budget */,
				25EB096E26650CB90080E798 /* Products */,
				2A4E4E8C5FE04617AA146936 /* Pods */,
				8C1A39BBCB985A0E3A829427 /* Frameworks */,
			);
			sourceTree = "<group>";
		};
		25EB096E26650CB90080E798 /* Products */ = {
			isa = PBXGroup;
			children = (
				25EB096D26650CB90080E798 /* finance-budget.app */,
			);
			name = Products;
			sourceTree = "<group>";
		};
		25EB096F26650CB90080E798 /* finance-budget */ = {
			isa = PBXGroup;
			children = (
				254D5F3726778EA0001BF78E /* Services */,
				254D5F3026777A8C001BF78E /* Extensions */,
				25EB098426650DFF0080E798 /* Model */,
				25EB098626650E0D0080E798 /* View */,
				25EB098526650E060080E798 /* Controller */,
				25EB097026650CB90080E798 /* AppDelegate.swift */,
				25EB097226650CB90080E798 /* SceneDelegate.swift */,
				25EB097626650CB90080E798 /* Main.storyboard */,
				25EB097926650CBA0080E798 /* Assets.xcassets */,
				25EB097B26650CBA0080E798 /* LaunchScreen.storyboard */,
				25EB097E26650CBA0080E798 /* Info.plist */,
			);
			path = "finance-budget";
			sourceTree = "<group>";
		};
		25EB098426650DFF0080E798 /* Model */ = {
			isa = PBXGroup;
			children = (
				254D5F2C2677733B001BF78E /* Models.swift */,
			);
			path = Model;
			sourceTree = "<group>";
		};
		25EB098526650E060080E798 /* Controller */ = {
			isa = PBXGroup;
			children = (
				259A8314267A508B00B8F24A /* AddPopUps */,
				25EB097426650CB90080E798 /* RevenueViewController.swift */,
				254D5F3A2677A1F9001BF78E /* PurchasesCategoriesViewController.swift */,
				259A830C2678A63900B8F24A /* PurchaseListViewController.swift */,
				259A8315267A512E00B8F24A /* GraphicsViewController.swift */,
				253C0D3D267A9E9400BBCE04 /* GraphRevenuesViewController.swift */,
			);
			path = Controller;
			sourceTree = "<group>";
		};
		25EB098626650E0D0080E798 /* View */ = {
			isa = PBXGroup;
			children = (
				254D5F2A26777055001BF78E /* CustomViews.swift */,
				259A8312267A01B600B8F24A /* PurchaseTableViewCell.swift */,
			);
			path = View;
			sourceTree = "<group>";
		};
		2A4E4E8C5FE04617AA146936 /* Pods */ = {
			isa = PBXGroup;
			children = (
				28566FC442C655E4622A16A5 /* Pods-finance-budget.debug.xcconfig */,
				8EA27AE25E0067370BEBCAA8 /* Pods-finance-budget.release.xcconfig */,
			);
			path = Pods;
			sourceTree = "<group>";
		};
		8C1A39BBCB985A0E3A829427 /* Frameworks */ = {
			isa = PBXGroup;
			children = (
				8F0E567D1A504CBCBF726666 /* Pods_finance_budget.framework */,
			);
			name = Frameworks;
			sourceTree = "<group>";
		};
/* End PBXGroup section */

/* Begin PBXNativeTarget section */
		25EB096C26650CB90080E798 /* finance-budget */ = {
			isa = PBXNativeTarget;
			buildConfigurationList = 25EB098126650CBA0080E798 /* Build configuration list for PBXNativeTarget "finance-budget" */;
			buildPhases = (
				D9E7C964D8176CF9E881941F /* [CP] Check Pods Manifest.lock */,
				25EB096926650CB90080E798 /* Sources */,
				25EB096A26650CB90080E798 /* Frameworks */,
				25EB096B26650CB90080E798 /* Resources */,
				7F50AA8D400485F0BCCBA97F /* [CP] Embed Pods Frameworks */,
			);
			buildRules = (
			);
			dependencies = (
			);
			name = "finance-budget";
			productName = "finance-budget";
			productReference = 25EB096D26650CB90080E798 /* finance-budget.app */;
			productType = "com.apple.product-type.application";
		};
/* End PBXNativeTarget section */

/* Begin PBXProject section */
		25EB096526650CB80080E798 /* Project object */ = {
			isa = PBXProject;
			attributes = {
				LastSwiftUpdateCheck = 1250;
				LastUpgradeCheck = 1250;
				TargetAttributes = {
					25EB096C26650CB90080E798 = {
						CreatedOnToolsVersion = 12.5;
					};
				};
			};
			buildConfigurationList = 25EB096826650CB80080E798 /* Build configuration list for PBXProject "finance-budget" */;
			compatibilityVersion = "Xcode 9.3";
			developmentRegion = en;
			hasScannedForEncodings = 0;
			knownRegions = (
				en,
				Base,
			);
			mainGroup = 25EB096426650CB80080E798;
			productRefGroup = 25EB096E26650CB90080E798 /* Products */;
			projectDirPath = "";
			projectRoot = "";
			targets = (
				25EB096C26650CB90080E798 /* finance-budget */,
			);
		};
/* End PBXProject section */

/* Begin PBXResourcesBuildPhase section */
		25EB096B26650CB90080E798 /* Resources */ = {
			isa = PBXResourcesBuildPhase;
			buildActionMask = 2147483647;
			files = (
				25EB097D26650CBA0080E798 /* LaunchScreen.storyboard in Resources */,
				25EB097A26650CBA0080E798 /* Assets.xcassets in Resources */,
				25EB097826650CB90080E798 /* Main.storyboard in Resources */,
			);
			runOnlyForDeploymentPostprocessing = 0;
		};
/* End PBXResourcesBuildPhase section */

/* Begin PBXShellScriptBuildPhase section */
		7F50AA8D400485F0BCCBA97F /* [CP] Embed Pods Frameworks */ = {
			isa = PBXShellScriptBuildPhase;
			buildActionMask = 2147483647;
			files = (
			);
			inputFileListPaths = (
				"${PODS_ROOT}/Target Support Files/Pods-finance-budget/Pods-finance-budget-frameworks-${CONFIGURATION}-input-files.xcfilelist",
			);
			name = "[CP] Embed Pods Frameworks";
			outputFileListPaths = (
				"${PODS_ROOT}/Target Support Files/Pods-finance-budget/Pods-finance-budget-frameworks-${CONFIGURATION}-output-files.xcfilelist",
			);
			runOnlyForDeploymentPostprocessing = 0;
			shellPath = /bin/sh;
			shellScript = "\"${PODS_ROOT}/Target Support Files/Pods-finance-budget/Pods-finance-budget-frameworks.sh\"\n";
			showEnvVarsInLog = 0;
		};
		D9E7C964D8176CF9E881941F /* [CP] Check Pods Manifest.lock */ = {
			isa = PBXShellScriptBuildPhase;
			buildActionMask = 2147483647;
			files = (
			);
			inputFileListPaths = (
			);
			inputPaths = (
				"${PODS_PODFILE_DIR_PATH}/Podfile.lock",
				"${PODS_ROOT}/Manifest.lock",
			);
			name = "[CP] Check Pods Manifest.lock";
			outputFileListPaths = (
			);
			outputPaths = (
				"$(DERIVED_FILE_DIR)/Pods-finance-budget-checkManifestLockResult.txt",
			);
			runOnlyForDeploymentPostprocessing = 0;
			shellPath = /bin/sh;
			shellScript = "diff \"${PODS_PODFILE_DIR_PATH}/Podfile.lock\" \"${PODS_ROOT}/Manifest.lock\" > /dev/null\nif [ $? != 0 ] ; then\n    # print error to STDERR\n    echo \"error: The sandbox is not in sync with the Podfile.lock. Run 'pod install' or update your CocoaPods installation.\" >&2\n    exit 1\nfi\n# This output is used by Xcode 'outputs' to avoid re-running this script phase.\necho \"SUCCESS\" > \"${SCRIPT_OUTPUT_FILE_0}\"\n";
			showEnvVarsInLog = 0;
		};
/* End PBXShellScriptBuildPhase section */

/* Begin PBXSourcesBuildPhase section */
		25EB096926650CB90080E798 /* Sources */ = {
			isa = PBXSourcesBuildPhase;
			buildActionMask = 2147483647;
			files = (
				254D5F3D2677A23B001BF78E /* PurchasesCategoryControllerExt.swift in Sources */,
				254D5F2D2677733B001BF78E /* Models.swift in Sources */,
				25E0A6F926824C610033B32A /* AddPurchaseExt.swift in Sources */,
				259A8316267A512E00B8F24A /* GraphicsViewController.swift in Sources */,
				254D5F3226777AF9001BF78E /* RevenueControllerExt.swift in Sources */,
				25EB097526650CB90080E798 /* RevenueViewController.swift in Sources */,
				259A8313267A01B600B8F24A /* PurchaseTableViewCell.swift in Sources */,
				254D5F2B26777055001BF78E /* CustomViews.swift in Sources */,
				259A830F2679FE1600B8F24A /* AddPurchaseViewController.swift in Sources */,
				254D5F3B2677A1F9001BF78E /* PurchasesCategoriesViewController.swift in Sources */,
				254D5F3F2677A908001BF78E /* AddCategoryPopUpViewController.swift in Sources */,
				253C0D3E267A9E9400BBCE04 /* GraphRevenuesViewController.swift in Sources */,
				254D5F3626777E2B001BF78E /* AddRevenuePopUpViewController.swift in Sources */,
				254D5F3926778EB1001BF78E /* Persistance.swift in Sources */,
				25EB097126650CB90080E798 /* AppDelegate.swift in Sources */,
				254D5F412677A945001BF78E /* ViewControllerExt.swift in Sources */,
				25E0A6F726824C520033B32A /* AddCategoryExt.swift in Sources */,
				25E0A6FB26824F5A0033B32A /* TableViewExt.swift in Sources */,
				25EB097326650CB90080E798 /* SceneDelegate.swift in Sources */,
				25E0A6F526824BED0033B32A /* AddRevenueExt.swift in Sources */,
				259A830D2678A63900B8F24A /* PurchaseListViewController.swift in Sources */,
				259A83112679FF0900B8F24A /* PurchaseListControllerExt.swift in Sources */,
			);
			runOnlyForDeploymentPostprocessing = 0;
		};
/* End PBXSourcesBuildPhase section */

/* Begin PBXVariantGroup section */
		25EB097626650CB90080E798 /* Main.storyboard */ = {
			isa = PBXVariantGroup;
			children = (
				25EB097726650CB90080E798 /* Base */,
			);
			name = Main.storyboard;
			sourceTree = "<group>";
		};
		25EB097B26650CBA0080E798 /* LaunchScreen.storyboard */ = {
			isa = PBXVariantGroup;
			children = (
				25EB097C26650CBA0080E798 /* Base */,
			);
			name = LaunchScreen.storyboard;
			sourceTree = "<group>";
		};
/* End PBXVariantGroup section */

/* Begin XCBuildConfiguration section */
		25EB097F26650CBA0080E798 /* Debug */ = {
			isa = XCBuildConfiguration;
			buildSettings = {
				ALWAYS_SEARCH_USER_PATHS = NO;
				CLANG_ANALYZER_NONNULL = YES;
				CLANG_ANALYZER_NUMBER_OBJECT_CONVERSION = YES_AGGRESSIVE;
				CLANG_CXX_LANGUAGE_STANDARD = "gnu++14";
				CLANG_CXX_LIBRARY = "libc++";
				CLANG_ENABLE_MODULES = YES;
				CLANG_ENABLE_OBJC_ARC = YES;
				CLANG_ENABLE_OBJC_WEAK = YES;
				CLANG_WARN_BLOCK_CAPTURE_AUTORELEASING = YES;
				CLANG_WARN_BOOL_CONVERSION = YES;
				CLANG_WARN_COMMA = YES;
				CLANG_WARN_CONSTANT_CONVERSION = YES;
				CLANG_WARN_DEPRECATED_OBJC_IMPLEMENTATIONS = YES;
				CLANG_WARN_DIRECT_OBJC_ISA_USAGE = YES_ERROR;
				CLANG_WARN_DOCUMENTATION_COMMENTS = YES;
				CLANG_WARN_EMPTY_BODY = YES;
				CLANG_WARN_ENUM_CONVERSION = YES;
				CLANG_WARN_INFINITE_RECURSION = YES;
				CLANG_WARN_INT_CONVERSION = YES;
				CLANG_WARN_NON_LITERAL_NULL_CONVERSION = YES;
				CLANG_WARN_OBJC_IMPLICIT_RETAIN_SELF = YES;
				CLANG_WARN_OBJC_LITERAL_CONVERSION = YES;
				CLANG_WARN_OBJC_ROOT_CLASS = YES_ERROR;
				CLANG_WARN_QUOTED_INCLUDE_IN_FRAMEWORK_HEADER = YES;
				CLANG_WARN_RANGE_LOOP_ANALYSIS = YES;
				CLANG_WARN_STRICT_PROTOTYPES = YES;
				CLANG_WARN_SUSPICIOUS_MOVE = YES;
				CLANG_WARN_UNGUARDED_AVAILABILITY = YES_AGGRESSIVE;
				CLANG_WARN_UNREACHABLE_CODE = YES;
				CLANG_WARN__DUPLICATE_METHOD_MATCH = YES;
				COPY_PHASE_STRIP = NO;
				DEBUG_INFORMATION_FORMAT = dwarf;
				ENABLE_STRICT_OBJC_MSGSEND = YES;
				ENABLE_TESTABILITY = YES;
				GCC_C_LANGUAGE_STANDARD = gnu11;
				GCC_DYNAMIC_NO_PIC = NO;
				GCC_NO_COMMON_BLOCKS = YES;
				GCC_OPTIMIZATION_LEVEL = 0;
				GCC_PREPROCESSOR_DEFINITIONS = (
					"DEBUG=1",
					"$(inherited)",
				);
				GCC_WARN_64_TO_32_BIT_CONVERSION = YES;
				GCC_WARN_ABOUT_RETURN_TYPE = YES_ERROR;
				GCC_WARN_UNDECLARED_SELECTOR = YES;
				GCC_WARN_UNINITIALIZED_AUTOS = YES_AGGRESSIVE;
				GCC_WARN_UNUSED_FUNCTION = YES;
				GCC_WARN_UNUSED_VARIABLE = YES;
				IPHONEOS_DEPLOYMENT_TARGET = 14.5;
				MTL_ENABLE_DEBUG_INFO = INCLUDE_SOURCE;
				MTL_FAST_MATH = YES;
				ONLY_ACTIVE_ARCH = YES;
				SDKROOT = iphoneos;
				SWIFT_ACTIVE_COMPILATION_CONDITIONS = DEBUG;
				SWIFT_OPTIMIZATION_LEVEL = "-Onone";
			};
			name = Debug;
		};
		25EB098026650CBA0080E798 /* Release */ = {
			isa = XCBuildConfiguration;
			buildSettings = {
				ALWAYS_SEARCH_USER_PATHS = NO;
				CLANG_ANALYZER_NONNULL = YES;
				CLANG_ANALYZER_NUMBER_OBJECT_CONVERSION = YES_AGGRESSIVE;
				CLANG_CXX_LANGUAGE_STANDARD = "gnu++14";
				CLANG_CXX_LIBRARY = "libc++";
				CLANG_ENABLE_MODULES = YES;
				CLANG_ENABLE_OBJC_ARC = YES;
				CLANG_ENABLE_OBJC_WEAK = YES;
				CLANG_WARN_BLOCK_CAPTURE_AUTORELEASING = YES;
				CLANG_WARN_BOOL_CONVERSION = YES;
				CLANG_WARN_COMMA = YES;
				CLANG_WARN_CONSTANT_CONVERSION = YES;
				CLANG_WARN_DEPRECATED_OBJC_IMPLEMENTATIONS = YES;
				CLANG_WARN_DIRECT_OBJC_ISA_USAGE = YES_ERROR;
				CLANG_WARN_DOCUMENTATION_COMMENTS = YES;
				CLANG_WARN_EMPTY_BODY = YES;
				CLANG_WARN_ENUM_CONVERSION = YES;
				CLANG_WARN_INFINITE_RECURSION = YES;
				CLANG_WARN_INT_CONVERSION = YES;
				CLANG_WARN_NON_LITERAL_NULL_CONVERSION = YES;
				CLANG_WARN_OBJC_IMPLICIT_RETAIN_SELF = YES;
				CLANG_WARN_OBJC_LITERAL_CONVERSION = YES;
				CLANG_WARN_OBJC_ROOT_CLASS = YES_ERROR;
				CLANG_WARN_QUOTED_INCLUDE_IN_FRAMEWORK_HEADER = YES;
				CLANG_WARN_RANGE_LOOP_ANALYSIS = YES;
				CLANG_WARN_STRICT_PROTOTYPES = YES;
				CLANG_WARN_SUSPICIOUS_MOVE = YES;
				CLANG_WARN_UNGUARDED_AVAILABILITY = YES_AGGRESSIVE;
				CLANG_WARN_UNREACHABLE_CODE = YES;
				CLANG_WARN__DUPLICATE_METHOD_MATCH = YES;
				COPY_PHASE_STRIP = NO;
				DEBUG_INFORMATION_FORMAT = "dwarf-with-dsym";
				ENABLE_NS_ASSERTIONS = NO;
				ENABLE_STRICT_OBJC_MSGSEND = YES;
				GCC_C_LANGUAGE_STANDARD = gnu11;
				GCC_NO_COMMON_BLOCKS = YES;
				GCC_WARN_64_TO_32_BIT_CONVERSION = YES;
				GCC_WARN_ABOUT_RETURN_TYPE = YES_ERROR;
				GCC_WARN_UNDECLARED_SELECTOR = YES;
				GCC_WARN_UNINITIALIZED_AUTOS = YES_AGGRESSIVE;
				GCC_WARN_UNUSED_FUNCTION = YES;
				GCC_WARN_UNUSED_VARIABLE = YES;
				IPHONEOS_DEPLOYMENT_TARGET = 14.5;
				MTL_ENABLE_DEBUG_INFO = NO;
				MTL_FAST_MATH = YES;
				SDKROOT = iphoneos;
				SWIFT_COMPILATION_MODE = wholemodule;
				SWIFT_OPTIMIZATION_LEVEL = "-O";
				VALIDATE_PRODUCT = YES;
			};
			name = Release;
		};
		25EB098226650CBA0080E798 /* Debug */ = {
			isa = XCBuildConfiguration;
			baseConfigurationReference = 28566FC442C655E4622A16A5 /* Pods-finance-budget.debug.xcconfig */;
			buildSettings = {
				ASSETCATALOG_COMPILER_APPICON_NAME = AppIcon;
				ASSETCATALOG_COMPILER_GLOBAL_ACCENT_COLOR_NAME = AccentColor;
				CODE_SIGN_STYLE = Automatic;
				DEVELOPMENT_TEAM = F5BJS4MMJH;
				INFOPLIST_FILE = "finance-budget/Info.plist";
				LD_RUNPATH_SEARCH_PATHS = (
					"$(inherited)",
					"@executable_path/Frameworks",
				);
				PRODUCT_BUNDLE_IDENTIFIER = "com.david.finance-budget";
				PRODUCT_NAME = "$(TARGET_NAME)";
				SWIFT_VERSION = 5.0;
				TARGETED_DEVICE_FAMILY = "1,2";
			};
			name = Debug;
		};
		25EB098326650CBA0080E798 /* Release */ = {
			isa = XCBuildConfiguration;
			baseConfigurationReference = 8EA27AE25E0067370BEBCAA8 /* Pods-finance-budget.release.xcconfig */;
			buildSettings = {
				ASSETCATALOG_COMPILER_APPICON_NAME = AppIcon;
				ASSETCATALOG_COMPILER_GLOBAL_ACCENT_COLOR_NAME = AccentColor;
				CODE_SIGN_STYLE = Automatic;
				DEVELOPMENT_TEAM = F5BJS4MMJH;
				INFOPLIST_FILE = "finance-budget/Info.plist";
				LD_RUNPATH_SEARCH_PATHS = (
					"$(inherited)",
					"@executable_path/Frameworks",
				);
				PRODUCT_BUNDLE_IDENTIFIER = "com.david.finance-budget";
				PRODUCT_NAME = "$(TARGET_NAME)";
				SWIFT_VERSION = 5.0;
				TARGETED_DEVICE_FAMILY = "1,2";
			};
			name = Release;
		};
/* End XCBuildConfiguration section */

/* Begin XCConfigurationList section */
		25EB096826650CB80080E798 /* Build configuration list for PBXProject "finance-budget" */ = {
			isa = XCConfigurationList;
			buildConfigurations = (
				25EB097F26650CBA0080E798 /* Debug */,
				25EB098026650CBA0080E798 /* Release */,
			);
			defaultConfigurationIsVisible = 0;
			defaultConfigurationName = Release;
		};
		25EB098126650CBA0080E798 /* Build configuration list for PBXNativeTarget "finance-budget" */ = {
			isa = XCConfigurationList;
			buildConfigurations = (
				25EB098226650CBA0080E798 /* Debug */,
				25EB098326650CBA0080E798 /* Release */,
			);
			defaultConfigurationIsVisible = 0;
			defaultConfigurationName = Release;
		};
/* End XCConfigurationList section */
	};
	rootObject = 25EB096526650CB80080E798 /* Project object */;
}
